
Microsoft Visual Studio Solution File, Format Version 12.00
# Visual Studio Version 16
VisualStudioVersion = 16.0.30406.217
MinimumVisualStudioVersion = 10.0.40219.1
Project("{FAE04EC0-301F-11D3-BF4B-00C04F79EFBC}") = "SSMWebApplication", "SSMWebApplication\SSMWebApplication.csproj", "{593BEC0E-A15F-4389-AF49-CF0107DCE26C}"
EndProject
Global
	GlobalSection(SolutionConfigurationPlatforms) = preSolution
		Debug|Any CPU = Debug|Any CPU
		Release|Any CPU = Release|Any CPU
	EndGlobalSection
	GlobalSection(ProjectConfigurationPlatforms) = postSolution
		{593BEC0E-A15F-4389-AF49-CF0107DCE26C}.Debug|Any CPU.ActiveCfg = Debug|Any CPU
		{593BEC0E-A15F-4389-AF49-CF0107DCE26C}.Debug|Any CPU.Build.0 = Debug|Any CPU
		{593BEC0E-A15F-4389-AF49-CF0107DCE26C}.Release|Any CPU.ActiveCfg = Release|Any CPU
		{593BEC0E-A15F-4389-AF49-CF0107DCE26C}.Release|Any CPU.Build.0 = Release|Any CPU
	EndGlobalSection
	GlobalSection(SolutionProperties) = preSolution
		HideSolutionNode = FALSE
	EndGlobalSection
	GlobalSection(ExtensibilityGlobals) = postSolution
		SolutionGuid = {6895DB61-7376-4478-BF6E-7912D05B2ED7}
	EndGlobalSection
EndGlobal
